
Microsoft Visual Studio Solution File, Format Version 12.00
# Visual Studio Version 17
VisualStudioVersion = 17.14.36121.58 d17.14
MinimumVisualStudioVersion = 10.0.40219.1
Project("{FAE04EC0-301F-11D3-BF4B-00C04F79EFBC}") = "ReseachAndDevelopment", "ReseachAndDevelopment\ReseachAndDevelopment.csproj", "{4D200118-F2DB-4A97-8F79-7FE34256613A}"
EndProject
Global
	GlobalSection(SolutionConfigurationPlatforms) = preSolution
		Debug|Any CPU = Debug|Any CPU
		Release|Any CPU = Release|Any CPU
	EndGlobalSection
	GlobalSection(ProjectConfigurationPlatforms) = postSolution
		{4D200118-F2DB-4A97-8F79-7FE34256613A}.Debug|Any CPU.ActiveCfg = Debug|Any CPU
		{4D200118-F2DB-4A97-8F79-7FE34256613A}.Debug|Any CPU.Build.0 = Debug|Any CPU
		{4D200118-F2DB-4A97-8F79-7FE34256613A}.Release|Any CPU.ActiveCfg = Release|Any CPU
		{4D200118-F2DB-4A97-8F79-7FE34256613A}.Release|Any CPU.Build.0 = Release|Any CPU
	EndGlobalSection
	GlobalSection(SolutionProperties) = preSolution
		HideSolutionNode = FALSE
	EndGlobalSection
	GlobalSection(ExtensibilityGlobals) = postSolution
		SolutionGuid = {918BAE59-46C4-48AB-AF74-6BC1D70B3ADF}
	EndGlobalSection
EndGlobal
